// !$*UTF8*$!
{
	archiveVersion = 1;
	classes = {
	};
	objectVersion = 55;
	objects = {

/* Begin PBXBuildFile section */
		7C09BEEB27E214E600D1E104 /* ScoreViewModelTests.swift in Sources */ = {isa = PBXBuildFile; fileRef = 7C09BEEA27E214E600D1E104 /* ScoreViewModelTests.swift */; };
		7C3BCA9727D7AFF90080420B /* ScoreViewModel.swift in Sources */ = {isa = PBXBuildFile; fileRef = 7C3BCA9627D7AFF90080420B /* ScoreViewModel.swift */; };
		7C3BCA9927D7B05A0080420B /* NetworkService.swift in Sources */ = {isa = PBXBuildFile; fileRef = 7C3BCA9827D7B05A0080420B /* NetworkService.swift */; };
		7C3BCA9B27D7B9840080420B /* CreditReportModel.swift in Sources */ = {isa = PBXBuildFile; fileRef = 7C3BCA9A27D7B9840080420B /* CreditReportModel.swift */; };
		7C4D6B5D27DF678900691597 /* NetworkMonitor.swift in Sources */ = {isa = PBXBuildFile; fileRef = 7C4D6B5C27DF678900691597 /* NetworkMonitor.swift */; };
		7C4D6B5E27DF678900691597 /* NetworkMonitor.swift in Sources */ = {isa = PBXBuildFile; fileRef = 7C4D6B5C27DF678900691597 /* NetworkMonitor.swift */; };
		7C6E1F1127E4BD5600583616 /* NetworkServiceTests.swift in Sources */ = {isa = PBXBuildFile; fileRef = 7C6E1F1027E4BD5600583616 /* NetworkServiceTests.swift */; };
		7C86DAD127E75B7300808CBA /* ScoreDetailsViewController.swift in Sources */ = {isa = PBXBuildFile; fileRef = 7C86DAD027E75B7200808CBA /* ScoreDetailsViewController.swift */; };
		7C86DAD327E78E1A00808CBA /* ScoreDetailsViewModel.swift in Sources */ = {isa = PBXBuildFile; fileRef = 7C86DAD227E78E1A00808CBA /* ScoreDetailsViewModel.swift */; };
		7C86DAD427E78E1A00808CBA /* ScoreDetailsViewModel.swift in Sources */ = {isa = PBXBuildFile; fileRef = 7C86DAD227E78E1A00808CBA /* ScoreDetailsViewModel.swift */; };
		7C86DAD627E8893A00808CBA /* ScoreDetailsViewModelTests.swift in Sources */ = {isa = PBXBuildFile; fileRef = 7C86DAD527E8893A00808CBA /* ScoreDetailsViewModelTests.swift */; };
		7C86DAD927E8CE3A00808CBA /* ScoreDetailsViewUITests.swift in Sources */ = {isa = PBXBuildFile; fileRef = 7C86DAD827E8CE3A00808CBA /* ScoreDetailsViewUITests.swift */; };
		7C86DADB27E8DC1F00808CBA /* ScoreViewUITests.swift in Sources */ = {isa = PBXBuildFile; fileRef = 7C86DADA27E8DC1F00808CBA /* ScoreViewUITests.swift */; };
		7C9B40ED27DEA60F005F26BE /* Double+Extension.swift in Sources */ = {isa = PBXBuildFile; fileRef = 7C9B40EC27DEA60F005F26BE /* Double+Extension.swift */; };
		7CA0C1E027E1FADB0079B3CE /* NetworkMonitorTests.swift in Sources */ = {isa = PBXBuildFile; fileRef = 7CA0C1DF27E1FADB0079B3CE /* NetworkMonitorTests.swift */; };
		7CB044D527DA40A30029145C /* ScoreView.swift in Sources */ = {isa = PBXBuildFile; fileRef = 7CB044D427DA40A30029145C /* ScoreView.swift */; };
		7CB044D927DA41210029145C /* ScoreView.xib in Resources */ = {isa = PBXBuildFile; fileRef = 7CB044D827DA41210029145C /* ScoreView.xib */; };
		7CFB9CC427CE35F200F8D949 /* AppDelegate.swift in Sources */ = {isa = PBXBuildFile; fileRef = 7CFB9CC327CE35F200F8D949 /* AppDelegate.swift */; };
		7CFB9CC627CE35F200F8D949 /* SceneDelegate.swift in Sources */ = {isa = PBXBuildFile; fileRef = 7CFB9CC527CE35F200F8D949 /* SceneDelegate.swift */; };
		7CFB9CC827CE35F200F8D949 /* ScoreViewController.swift in Sources */ = {isa = PBXBuildFile; fileRef = 7CFB9CC727CE35F200F8D949 /* ScoreViewController.swift */; };
		7CFB9CCB27CE35F200F8D949 /* Main.storyboard in Resources */ = {isa = PBXBuildFile; fileRef = 7CFB9CC927CE35F200F8D949 /* Main.storyboard */; };
		7CFB9CCD27CE35F400F8D949 /* Assets.xcassets in Resources */ = {isa = PBXBuildFile; fileRef = 7CFB9CCC27CE35F400F8D949 /* Assets.xcassets */; };
		7CFB9CD027CE35F400F8D949 /* LaunchScreen.storyboard in Resources */ = {isa = PBXBuildFile; fileRef = 7CFB9CCE27CE35F400F8D949 /* LaunchScreen.storyboard */; };
		7CFB9CE527CE35F400F8D949 /* NavigationUITests.swift in Sources */ = {isa = PBXBuildFile; fileRef = 7CFB9CE427CE35F400F8D949 /* NavigationUITests.swift */; };
		7CFB9CE727CE35F400F8D949 /* ClearScoreUITestsLaunchTests.swift in Sources */ = {isa = PBXBuildFile; fileRef = 7CFB9CE627CE35F400F8D949 /* ClearScoreUITestsLaunchTests.swift */; };
/* End PBXBuildFile section */

/* Begin PBXContainerItemProxy section */
		7CFB9CD727CE35F400F8D949 /* PBXContainerItemProxy */ = {
			isa = PBXContainerItemProxy;
			containerPortal = 7CFB9CB827CE35F200F8D949 /* Project object */;
			proxyType = 1;
			remoteGlobalIDString = 7CFB9CBF27CE35F200F8D949;
			remoteInfo = ClearScore;
		};
		7CFB9CE127CE35F400F8D949 /* PBXContainerItemProxy */ = {
			isa = PBXContainerItemProxy;
			containerPortal = 7CFB9CB827CE35F200F8D949 /* Project object */;
			proxyType = 1;
			remoteGlobalIDString = 7CFB9CBF27CE35F200F8D949;
			remoteInfo = ClearScore;
		};
/* End PBXContainerItemProxy section */

/* Begin PBXFileReference section */
		7C09BEEA27E214E600D1E104 /* ScoreViewModelTests.swift */ = {isa = PBXFileReference; lastKnownFileType = sourcecode.swift; path = ScoreViewModelTests.swift; sourceTree = "<group>"; };
		7C3BCA9627D7AFF90080420B /* ScoreViewModel.swift */ = {isa = PBXFileReference; lastKnownFileType = sourcecode.swift; path = ScoreViewModel.swift; sourceTree = "<group>"; };
		7C3BCA9827D7B05A0080420B /* NetworkService.swift */ = {isa = PBXFileReference; lastKnownFileType = sourcecode.swift; path = NetworkService.swift; sourceTree = "<group>"; };
		7C3BCA9A27D7B9840080420B /* CreditReportModel.swift */ = {isa = PBXFileReference; lastKnownFileType = sourcecode.swift; path = CreditReportModel.swift; sourceTree = "<group>"; };
		7C4D6B5C27DF678900691597 /* NetworkMonitor.swift */ = {isa = PBXFileReference; lastKnownFileType = sourcecode.swift; path = NetworkMonitor.swift; sourceTree = "<group>"; };
		7C6E1F1027E4BD5600583616 /* NetworkServiceTests.swift */ = {isa = PBXFileReference; lastKnownFileType = sourcecode.swift; path = NetworkServiceTests.swift; sourceTree = "<group>"; };
		7C86DAD027E75B7200808CBA /* ScoreDetailsViewController.swift */ = {isa = PBXFileReference; lastKnownFileType = sourcecode.swift; path = ScoreDetailsViewController.swift; sourceTree = "<group>"; };
		7C86DAD227E78E1A00808CBA /* ScoreDetailsViewModel.swift */ = {isa = PBXFileReference; lastKnownFileType = sourcecode.swift; path = ScoreDetailsViewModel.swift; sourceTree = "<group>"; };
		7C86DAD527E8893A00808CBA /* ScoreDetailsViewModelTests.swift */ = {isa = PBXFileReference; lastKnownFileType = sourcecode.swift; path = ScoreDetailsViewModelTests.swift; sourceTree = "<group>"; };
		7C86DAD827E8CE3A00808CBA /* ScoreDetailsViewUITests.swift */ = {isa = PBXFileReference; lastKnownFileType = sourcecode.swift; path = ScoreDetailsViewUITests.swift; sourceTree = "<group>"; };
		7C86DADA27E8DC1F00808CBA /* ScoreViewUITests.swift */ = {isa = PBXFileReference; lastKnownFileType = sourcecode.swift; path = ScoreViewUITests.swift; sourceTree = "<group>"; };
		7C9B40EC27DEA60F005F26BE /* Double+Extension.swift */ = {isa = PBXFileReference; lastKnownFileType = sourcecode.swift; path = "Double+Extension.swift"; sourceTree = "<group>"; };
		7CA0C1DF27E1FADB0079B3CE /* NetworkMonitorTests.swift */ = {isa = PBXFileReference; lastKnownFileType = sourcecode.swift; path = NetworkMonitorTests.swift; sourceTree = "<group>"; };
		7CB044D427DA40A30029145C /* ScoreView.swift */ = {isa = PBXFileReference; lastKnownFileType = sourcecode.swift; path = ScoreView.swift; sourceTree = "<group>"; };
		7CB044D827DA41210029145C /* ScoreView.xib */ = {isa = PBXFileReference; lastKnownFileType = file.xib; path = ScoreView.xib; sourceTree = "<group>"; };
		7CFB9CC027CE35F200F8D949 /* ClearScore.app */ = {isa = PBXFileReference; explicitFileType = wrapper.application; includeInIndex = 0; path = ClearScore.app; sourceTree = BUILT_PRODUCTS_DIR; };
		7CFB9CC327CE35F200F8D949 /* AppDelegate.swift */ = {isa = PBXFileReference; lastKnownFileType = sourcecode.swift; path = AppDelegate.swift; sourceTree = "<group>"; };
		7CFB9CC527CE35F200F8D949 /* SceneDelegate.swift */ = {isa = PBXFileReference; lastKnownFileType = sourcecode.swift; path = SceneDelegate.swift; sourceTree = "<group>"; };
		7CFB9CC727CE35F200F8D949 /* ScoreViewController.swift */ = {isa = PBXFileReference; lastKnownFileType = sourcecode.swift; path = ScoreViewController.swift; sourceTree = "<group>"; };
		7CFB9CCA27CE35F200F8D949 /* Base */ = {isa = PBXFileReference; lastKnownFileType = file.storyboard; name = Base; path = Base.lproj/Main.storyboard; sourceTree = "<group>"; };
		7CFB9CCC27CE35F400F8D949 /* Assets.xcassets */ = {isa = PBXFileReference; lastKnownFileType = folder.assetcatalog; path = Assets.xcassets; sourceTree = "<group>"; };
		7CFB9CCF27CE35F400F8D949 /* Base */ = {isa = PBXFileReference; lastKnownFileType = file.storyboard; name = Base; path = Base.lproj/LaunchScreen.storyboard; sourceTree = "<group>"; };
		7CFB9CD127CE35F400F8D949 /* Info.plist */ = {isa = PBXFileReference; lastKnownFileType = text.plist.xml; path = Info.plist; sourceTree = "<group>"; };
		7CFB9CD627CE35F400F8D949 /* ClearScoreTests.xctest */ = {isa = PBXFileReference; explicitFileType = wrapper.cfbundle; includeInIndex = 0; path = ClearScoreTests.xctest; sourceTree = BUILT_PRODUCTS_DIR; };
		7CFB9CE027CE35F400F8D949 /* ClearScoreUITests.xctest */ = {isa = PBXFileReference; explicitFileType = wrapper.cfbundle; includeInIndex = 0; path = ClearScoreUITests.xctest; sourceTree = BUILT_PRODUCTS_DIR; };
		7CFB9CE427CE35F400F8D949 /* NavigationUITests.swift */ = {isa = PBXFileReference; lastKnownFileType = sourcecode.swift; path = NavigationUITests.swift; sourceTree = "<group>"; };
		7CFB9CE627CE35F400F8D949 /* ClearScoreUITestsLaunchTests.swift */ = {isa = PBXFileReference; lastKnownFileType = sourcecode.swift; path = ClearScoreUITestsLaunchTests.swift; sourceTree = "<group>"; };
/* End PBXFileReference section */

/* Begin PBXFrameworksBuildPhase section */
		7CFB9CBD27CE35F200F8D949 /* Frameworks */ = {
			isa = PBXFrameworksBuildPhase;
			buildActionMask = 2147483647;
			files = (
			);
			runOnlyForDeploymentPostprocessing = 0;
		};
		7CFB9CD327CE35F400F8D949 /* Frameworks */ = {
			isa = PBXFrameworksBuildPhase;
			buildActionMask = 2147483647;
			files = (
			);
			runOnlyForDeploymentPostprocessing = 0;
		};
		7CFB9CDD27CE35F400F8D949 /* Frameworks */ = {
			isa = PBXFrameworksBuildPhase;
			buildActionMask = 2147483647;
			files = (
			);
			runOnlyForDeploymentPostprocessing = 0;
		};
/* End PBXFrameworksBuildPhase section */

/* Begin PBXGroup section */
		7C86DAD727E8A37D00808CBA /* Donut ScoreView */ = {
			isa = PBXGroup;
			children = (
				7CB044D427DA40A30029145C /* ScoreView.swift */,
				7CB044D827DA41210029145C /* ScoreView.xib */,
			);
			path = "Donut ScoreView";
			sourceTree = "<group>";
		};
		7C9B40EB27DEA5B7005F26BE /* Extensions */ = {
			isa = PBXGroup;
			children = (
				7C9B40EC27DEA60F005F26BE /* Double+Extension.swift */,
			);
			path = Extensions;
			sourceTree = "<group>";
		};
		7CB044D027DA02520029145C /* Model */ = {
			isa = PBXGroup;
			children = (
				7C3BCA9A27D7B9840080420B /* CreditReportModel.swift */,
			);
			path = Model;
			sourceTree = "<group>";
		};
		7CB044D127DA025B0029145C /* View */ = {
			isa = PBXGroup;
			children = (
				7C86DAD727E8A37D00808CBA /* Donut ScoreView */,
				7CFB9CC727CE35F200F8D949 /* ScoreViewController.swift */,
				7C86DAD027E75B7200808CBA /* ScoreDetailsViewController.swift */,
			);
			path = View;
			sourceTree = "<group>";
		};
		7CB044D227DA02640029145C /* ViewModel */ = {
			isa = PBXGroup;
			children = (
				7C3BCA9627D7AFF90080420B /* ScoreViewModel.swift */,
				7C86DAD227E78E1A00808CBA /* ScoreDetailsViewModel.swift */,
			);
			path = ViewModel;
			sourceTree = "<group>";
		};
		7CB044D327DA02880029145C /* Services */ = {
			isa = PBXGroup;
			children = (
				7C3BCA9827D7B05A0080420B /* NetworkService.swift */,
				7C4D6B5C27DF678900691597 /* NetworkMonitor.swift */,
			);
			path = Services;
			sourceTree = "<group>";
		};
		7CFB9CB727CE35F200F8D949 = {
			isa = PBXGroup;
			children = (
				7CFB9CC227CE35F200F8D949 /* ClearScore */,
				7CFB9CD927CE35F400F8D949 /* ClearScoreTests */,
				7CFB9CE327CE35F400F8D949 /* ClearScoreUITests */,
				7CFB9CC127CE35F200F8D949 /* Products */,
			);
			sourceTree = "<group>";
		};
		7CFB9CC127CE35F200F8D949 /* Products */ = {
			isa = PBXGroup;
			children = (
				7CFB9CC027CE35F200F8D949 /* ClearScore.app */,
				7CFB9CD627CE35F400F8D949 /* ClearScoreTests.xctest */,
				7CFB9CE027CE35F400F8D949 /* ClearScoreUITests.xctest */,
			);
			name = Products;
			sourceTree = "<group>";
		};
		7CFB9CC227CE35F200F8D949 /* ClearScore */ = {
			isa = PBXGroup;
			children = (
				7CB044D027DA02520029145C /* Model */,
				7CB044D127DA025B0029145C /* View */,
				7CB044D227DA02640029145C /* ViewModel */,
				7C9B40EB27DEA5B7005F26BE /* Extensions */,
				7CB044D327DA02880029145C /* Services */,
				7CFB9CC327CE35F200F8D949 /* AppDelegate.swift */,
				7CFB9CC527CE35F200F8D949 /* SceneDelegate.swift */,
				7CFB9CC927CE35F200F8D949 /* Main.storyboard */,
				7CFB9CCC27CE35F400F8D949 /* Assets.xcassets */,
				7CFB9CCE27CE35F400F8D949 /* LaunchScreen.storyboard */,
				7CFB9CD127CE35F400F8D949 /* Info.plist */,
			);
			path = ClearScore;
			sourceTree = "<group>";
		};
		7CFB9CD927CE35F400F8D949 /* ClearScoreTests */ = {
			isa = PBXGroup;
			children = (
				7C6E1F1027E4BD5600583616 /* NetworkServiceTests.swift */,
				7CA0C1DF27E1FADB0079B3CE /* NetworkMonitorTests.swift */,
				7C09BEEA27E214E600D1E104 /* ScoreViewModelTests.swift */,
				7C86DAD527E8893A00808CBA /* ScoreDetailsViewModelTests.swift */,
			);
			path = ClearScoreTests;
			sourceTree = "<group>";
		};
		7CFB9CE327CE35F400F8D949 /* ClearScoreUITests */ = {
			isa = PBXGroup;
			children = (
				7CFB9CE427CE35F400F8D949 /* NavigationUITests.swift */,
				7C86DAD827E8CE3A00808CBA /* ScoreDetailsViewUITests.swift */,
				7C86DADA27E8DC1F00808CBA /* ScoreViewUITests.swift */,
				7CFB9CE627CE35F400F8D949 /* ClearScoreUITestsLaunchTests.swift */,
			);
			path = ClearScoreUITests;
			sourceTree = "<group>";
		};
/* End PBXGroup section */

/* Begin PBXNativeTarget section */
		7CFB9CBF27CE35F200F8D949 /* ClearScore */ = {
			isa = PBXNativeTarget;
			buildConfigurationList = 7CFB9CEA27CE35F400F8D949 /* Build configuration list for PBXNativeTarget "ClearScore" */;
			buildPhases = (
				7CFB9CBC27CE35F200F8D949 /* Sources */,
				7CFB9CBD27CE35F200F8D949 /* Frameworks */,
				7CFB9CBE27CE35F200F8D949 /* Resources */,
			);
			buildRules = (
			);
			dependencies = (
			);
			name = ClearScore;
			productName = ClearScore;
			productReference = 7CFB9CC027CE35F200F8D949 /* ClearScore.app */;
			productType = "com.apple.product-type.application";
		};
		7CFB9CD527CE35F400F8D949 /* ClearScoreTests */ = {
			isa = PBXNativeTarget;
			buildConfigurationList = 7CFB9CED27CE35F400F8D949 /* Build configuration list for PBXNativeTarget "ClearScoreTests" */;
			buildPhases = (
				7CFB9CD227CE35F400F8D949 /* Sources */,
				7CFB9CD327CE35F400F8D949 /* Frameworks */,
				7CFB9CD427CE35F400F8D949 /* Resources */,
			);
			buildRules = (
			);
			dependencies = (
				7CFB9CD827CE35F400F8D949 /* PBXTargetDependency */,
			);
			name = ClearScoreTests;
			productName = ClearScoreTests;
			productReference = 7CFB9CD627CE35F400F8D949 /* ClearScoreTests.xctest */;
			productType = "com.apple.product-type.bundle.unit-test";
		};
		7CFB9CDF27CE35F400F8D949 /* ClearScoreUITests */ = {
			isa = PBXNativeTarget;
			buildConfigurationList = 7CFB9CF027CE35F400F8D949 /* Build configuration list for PBXNativeTarget "ClearScoreUITests" */;
			buildPhases = (
				7CFB9CDC27CE35F400F8D949 /* Sources */,
				7CFB9CDD27CE35F400F8D949 /* Frameworks */,
				7CFB9CDE27CE35F400F8D949 /* Resources */,
			);
			buildRules = (
			);
			dependencies = (
				7CFB9CE227CE35F400F8D949 /* PBXTargetDependency */,
			);
			name = ClearScoreUITests;
			productName = ClearScoreUITests;
			productReference = 7CFB9CE027CE35F400F8D949 /* ClearScoreUITests.xctest */;
			productType = "com.apple.product-type.bundle.ui-testing";
		};
/* End PBXNativeTarget section */

/* Begin PBXProject section */
		7CFB9CB827CE35F200F8D949 /* Project object */ = {
			isa = PBXProject;
			attributes = {
				BuildIndependentTargetsInParallel = 1;
				LastSwiftUpdateCheck = 1320;
				LastUpgradeCheck = 1320;
				TargetAttributes = {
					7CFB9CBF27CE35F200F8D949 = {
						CreatedOnToolsVersion = 13.2.1;
					};
					7CFB9CD527CE35F400F8D949 = {
						CreatedOnToolsVersion = 13.2.1;
						TestTargetID = 7CFB9CBF27CE35F200F8D949;
					};
					7CFB9CDF27CE35F400F8D949 = {
						CreatedOnToolsVersion = 13.2.1;
						TestTargetID = 7CFB9CBF27CE35F200F8D949;
					};
				};
			};
			buildConfigurationList = 7CFB9CBB27CE35F200F8D949 /* Build configuration list for PBXProject "ClearScore" */;
			compatibilityVersion = "Xcode 13.0";
			developmentRegion = en;
			hasScannedForEncodings = 0;
			knownRegions = (
				en,
				Base,
			);
			mainGroup = 7CFB9CB727CE35F200F8D949;
			productRefGroup = 7CFB9CC127CE35F200F8D949 /* Products */;
			projectDirPath = "";
			projectRoot = "";
			targets = (
				7CFB9CBF27CE35F200F8D949 /* ClearScore */,
				7CFB9CD527CE35F400F8D949 /* ClearScoreTests */,
				7CFB9CDF27CE35F400F8D949 /* ClearScoreUITests */,
			);
		};
/* End PBXProject section */

/* Begin PBXResourcesBuildPhase section */
		7CFB9CBE27CE35F200F8D949 /* Resources */ = {
			isa = PBXResourcesBuildPhase;
			buildActionMask = 2147483647;
			files = (
				7CFB9CD027CE35F400F8D949 /* LaunchScreen.storyboard in Resources */,
				7CB044D927DA41210029145C /* ScoreView.xib in Resources */,
				7CFB9CCD27CE35F400F8D949 /* Assets.xcassets in Resources */,
				7CFB9CCB27CE35F200F8D949 /* Main.storyboard in Resources */,
			);
			runOnlyForDeploymentPostprocessing = 0;
		};
		7CFB9CD427CE35F400F8D949 /* Resources */ = {
			isa = PBXResourcesBuildPhase;
			buildActionMask = 2147483647;
			files = (
			);
			runOnlyForDeploymentPostprocessing = 0;
		};
		7CFB9CDE27CE35F400F8D949 /* Resources */ = {
			isa = PBXResourcesBuildPhase;
			buildActionMask = 2147483647;
			files = (
			);
			runOnlyForDeploymentPostprocessing = 0;
		};
/* End PBXResourcesBuildPhase section */

/* Begin PBXSourcesBuildPhase section */
		7CFB9CBC27CE35F200F8D949 /* Sources */ = {
			isa = PBXSourcesBuildPhase;
			buildActionMask = 2147483647;
			files = (
				7C3BCA9B27D7B9840080420B /* CreditReportModel.swift in Sources */,
				7CB044D527DA40A30029145C /* ScoreView.swift in Sources */,
				7C9B40ED27DEA60F005F26BE /* Double+Extension.swift in Sources */,
				7C3BCA9927D7B05A0080420B /* NetworkService.swift in Sources */,
				7CFB9CC827CE35F200F8D949 /* ScoreViewController.swift in Sources */,
				7CFB9CC427CE35F200F8D949 /* AppDelegate.swift in Sources */,
				7C86DAD127E75B7300808CBA /* ScoreDetailsViewController.swift in Sources */,
				7C86DAD327E78E1A00808CBA /* ScoreDetailsViewModel.swift in Sources */,
				7C4D6B5D27DF678900691597 /* NetworkMonitor.swift in Sources */,
				7CFB9CC627CE35F200F8D949 /* SceneDelegate.swift in Sources */,
				7C3BCA9727D7AFF90080420B /* ScoreViewModel.swift in Sources */,
			);
			runOnlyForDeploymentPostprocessing = 0;
		};
		7CFB9CD227CE35F400F8D949 /* Sources */ = {
			isa = PBXSourcesBuildPhase;
			buildActionMask = 2147483647;
			files = (
				7C86DAD427E78E1A00808CBA /* ScoreDetailsViewModel.swift in Sources */,
				7C4D6B5E27DF678900691597 /* NetworkMonitor.swift in Sources */,
				7CA0C1E027E1FADB0079B3CE /* NetworkMonitorTests.swift in Sources */,
				7C6E1F1127E4BD5600583616 /* NetworkServiceTests.swift in Sources */,
				7C86DAD627E8893A00808CBA /* ScoreDetailsViewModelTests.swift in Sources */,
				7C09BEEB27E214E600D1E104 /* ScoreViewModelTests.swift in Sources */,
			);
			runOnlyForDeploymentPostprocessing = 0;
		};
		7CFB9CDC27CE35F400F8D949 /* Sources */ = {
			isa = PBXSourcesBuildPhase;
			buildActionMask = 2147483647;
			files = (
				7CFB9CE527CE35F400F8D949 /* NavigationUITests.swift in Sources */,
				7C86DADB27E8DC1F00808CBA /* ScoreViewUITests.swift in Sources */,
				7C86DAD927E8CE3A00808CBA /* ScoreDetailsViewUITests.swift in Sources */,
				7CFB9CE727CE35F400F8D949 /* ClearScoreUITestsLaunchTests.swift in Sources */,
			);
			runOnlyForDeploymentPostprocessing = 0;
		};
/* End PBXSourcesBuildPhase section */

/* Begin PBXTargetDependency section */
		7CFB9CD827CE35F400F8D949 /* PBXTargetDependency */ = {
			isa = PBXTargetDependency;
			target = 7CFB9CBF27CE35F200F8D949 /* ClearScore */;
			targetProxy = 7CFB9CD727CE35F400F8D949 /* PBXContainerItemProxy */;
		};
		7CFB9CE227CE35F400F8D949 /* PBXTargetDependency */ = {
			isa = PBXTargetDependency;
			target = 7CFB9CBF27CE35F200F8D949 /* ClearScore */;
			targetProxy = 7CFB9CE127CE35F400F8D949 /* PBXContainerItemProxy */;
		};
/* End PBXTargetDependency section */

/* Begin PBXVariantGroup section */
		7CFB9CC927CE35F200F8D949 /* Main.storyboard */ = {
			isa = PBXVariantGroup;
			children = (
				7CFB9CCA27CE35F200F8D949 /* Base */,
			);
			name = Main.storyboard;
			sourceTree = "<group>";
		};
		7CFB9CCE27CE35F400F8D949 /* LaunchScreen.storyboard */ = {
			isa = PBXVariantGroup;
			children = (
				7CFB9CCF27CE35F400F8D949 /* Base */,
			);
			name = LaunchScreen.storyboard;
			sourceTree = "<group>";
		};
/* End PBXVariantGroup section */

/* Begin XCBuildConfiguration section */
		7CFB9CE827CE35F400F8D949 /* Debug */ = {
			isa = XCBuildConfiguration;
			buildSettings = {
				ALWAYS_SEARCH_USER_PATHS = NO;
				CLANG_ANALYZER_NONNULL = YES;
				CLANG_ANALYZER_NUMBER_OBJECT_CONVERSION = YES_AGGRESSIVE;
				CLANG_CXX_LANGUAGE_STANDARD = "gnu++17";
				CLANG_CXX_LIBRARY = "libc++";
				CLANG_ENABLE_MODULES = YES;
				CLANG_ENABLE_OBJC_ARC = YES;
				CLANG_ENABLE_OBJC_WEAK = YES;
				CLANG_WARN_BLOCK_CAPTURE_AUTORELEASING = YES;
				CLANG_WARN_BOOL_CONVERSION = YES;
				CLANG_WARN_COMMA = YES;
				CLANG_WARN_CONSTANT_CONVERSION = YES;
				CLANG_WARN_DEPRECATED_OBJC_IMPLEMENTATIONS = YES;
				CLANG_WARN_DIRECT_OBJC_ISA_USAGE = YES_ERROR;
				CLANG_WARN_DOCUMENTATION_COMMENTS = YES;
				CLANG_WARN_EMPTY_BODY = YES;
				CLANG_WARN_ENUM_CONVERSION = YES;
				CLANG_WARN_INFINITE_RECURSION = YES;
				CLANG_WARN_INT_CONVERSION = YES;
				CLANG_WARN_NON_LITERAL_NULL_CONVERSION = YES;
				CLANG_WARN_OBJC_IMPLICIT_RETAIN_SELF = YES;
				CLANG_WARN_OBJC_LITERAL_CONVERSION = YES;
				CLANG_WARN_OBJC_ROOT_CLASS = YES_ERROR;
				CLANG_WARN_QUOTED_INCLUDE_IN_FRAMEWORK_HEADER = YES;
				CLANG_WARN_RANGE_LOOP_ANALYSIS = YES;
				CLANG_WARN_STRICT_PROTOTYPES = YES;
				CLANG_WARN_SUSPICIOUS_MOVE = YES;
				CLANG_WARN_UNGUARDED_AVAILABILITY = YES_AGGRESSIVE;
				CLANG_WARN_UNREACHABLE_CODE = YES;
				CLANG_WARN__DUPLICATE_METHOD_MATCH = YES;
				COPY_PHASE_STRIP = NO;
				DEBUG_INFORMATION_FORMAT = dwarf;
				ENABLE_STRICT_OBJC_MSGSEND = YES;
				ENABLE_TESTABILITY = YES;
				GCC_C_LANGUAGE_STANDARD = gnu11;
				GCC_DYNAMIC_NO_PIC = NO;
				GCC_NO_COMMON_BLOCKS = YES;
				GCC_OPTIMIZATION_LEVEL = 0;
				GCC_PREPROCESSOR_DEFINITIONS = (
					"DEBUG=1",
					"$(inherited)",
				);
				GCC_WARN_64_TO_32_BIT_CONVERSION = YES;
				GCC_WARN_ABOUT_RETURN_TYPE = YES_ERROR;
				GCC_WARN_UNDECLARED_SELECTOR = YES;
				GCC_WARN_UNINITIALIZED_AUTOS = YES_AGGRESSIVE;
				GCC_WARN_UNUSED_FUNCTION = YES;
				GCC_WARN_UNUSED_VARIABLE = YES;
				IPHONEOS_DEPLOYMENT_TARGET = 15.2;
				MTL_ENABLE_DEBUG_INFO = INCLUDE_SOURCE;
				MTL_FAST_MATH = YES;
				ONLY_ACTIVE_ARCH = YES;
				SDKROOT = iphoneos;
				SWIFT_ACTIVE_COMPILATION_CONDITIONS = DEBUG;
				SWIFT_OPTIMIZATION_LEVEL = "-Onone";
			};
			name = Debug;
		};
		7CFB9CE927CE35F400F8D949 /* Release */ = {
			isa = XCBuildConfiguration;
			buildSettings = {
				ALWAYS_SEARCH_USER_PATHS = NO;
				CLANG_ANALYZER_NONNULL = YES;
				CLANG_ANALYZER_NUMBER_OBJECT_CONVERSION = YES_AGGRESSIVE;
				CLANG_CXX_LANGUAGE_STANDARD = "gnu++17";
				CLANG_CXX_LIBRARY = "libc++";
				CLANG_ENABLE_MODULES = YES;
				CLANG_ENABLE_OBJC_ARC = YES;
				CLANG_ENABLE_OBJC_WEAK = YES;
				CLANG_WARN_BLOCK_CAPTURE_AUTORELEASING = YES;
				CLANG_WARN_BOOL_CONVERSION = YES;
				CLANG_WARN_COMMA = YES;
				CLANG_WARN_CONSTANT_CONVERSION = YES;
				CLANG_WARN_DEPRECATED_OBJC_IMPLEMENTATIONS = YES;
				CLANG_WARN_DIRECT_OBJC_ISA_USAGE = YES_ERROR;
				CLANG_WARN_DOCUMENTATION_COMMENTS = YES;
				CLANG_WARN_EMPTY_BODY = YES;
				CLANG_WARN_ENUM_CONVERSION = YES;
				CLANG_WARN_INFINITE_RECURSION = YES;
				CLANG_WARN_INT_CONVERSION = YES;
				CLANG_WARN_NON_LITERAL_NULL_CONVERSION = YES;
				CLANG_WARN_OBJC_IMPLICIT_RETAIN_SELF = YES;
				CLANG_WARN_OBJC_LITERAL_CONVERSION = YES;
				CLANG_WARN_OBJC_ROOT_CLASS = YES_ERROR;
				CLANG_WARN_QUOTED_INCLUDE_IN_FRAMEWORK_HEADER = YES;
				CLANG_WARN_RANGE_LOOP_ANALYSIS = YES;
				CLANG_WARN_STRICT_PROTOTYPES = YES;
				CLANG_WARN_SUSPICIOUS_MOVE = YES;
				CLANG_WARN_UNGUARDED_AVAILABILITY = YES_AGGRESSIVE;
				CLANG_WARN_UNREACHABLE_CODE = YES;
				CLANG_WARN__DUPLICATE_METHOD_MATCH = YES;
				COPY_PHASE_STRIP = NO;
				DEBUG_INFORMATION_FORMAT = "dwarf-with-dsym";
				ENABLE_NS_ASSERTIONS = NO;
				ENABLE_STRICT_OBJC_MSGSEND = YES;
				GCC_C_LANGUAGE_STANDARD = gnu11;
				GCC_NO_COMMON_BLOCKS = YES;
				GCC_WARN_64_TO_32_BIT_CONVERSION = YES;
				GCC_WARN_ABOUT_RETURN_TYPE = YES_ERROR;
				GCC_WARN_UNDECLARED_SELECTOR = YES;
				GCC_WARN_UNINITIALIZED_AUTOS = YES_AGGRESSIVE;
				GCC_WARN_UNUSED_FUNCTION = YES;
				GCC_WARN_UNUSED_VARIABLE = YES;
				IPHONEOS_DEPLOYMENT_TARGET = 15.2;
				MTL_ENABLE_DEBUG_INFO = NO;
				MTL_FAST_MATH = YES;
				SDKROOT = iphoneos;
				SWIFT_COMPILATION_MODE = wholemodule;
				SWIFT_OPTIMIZATION_LEVEL = "-O";
				VALIDATE_PRODUCT = YES;
			};
			name = Release;
		};
		7CFB9CEB27CE35F400F8D949 /* Debug */ = {
			isa = XCBuildConfiguration;
			buildSettings = {
				ASSETCATALOG_COMPILER_APPICON_NAME = AppIcon;
				ASSETCATALOG_COMPILER_GLOBAL_ACCENT_COLOR_NAME = AccentColor;
				CODE_SIGN_STYLE = Automatic;
				CURRENT_PROJECT_VERSION = 1;
				DEVELOPMENT_TEAM = 3X89BSC8Z7;
				GENERATE_INFOPLIST_FILE = YES;
				INFOPLIST_FILE = ClearScore/Info.plist;
				INFOPLIST_KEY_UIApplicationSupportsIndirectInputEvents = YES;
				INFOPLIST_KEY_UILaunchStoryboardName = LaunchScreen;
				INFOPLIST_KEY_UIMainStoryboardFile = Main;
				INFOPLIST_KEY_UISupportedInterfaceOrientations = UIInterfaceOrientationPortrait;
				INFOPLIST_KEY_UISupportedInterfaceOrientations_iPad = "UIInterfaceOrientationPortrait UIInterfaceOrientationPortraitUpsideDown UIInterfaceOrientationLandscapeLeft UIInterfaceOrientationLandscapeRight";
				INFOPLIST_KEY_UISupportedInterfaceOrientations_iPhone = "UIInterfaceOrientationPortrait UIInterfaceOrientationLandscapeLeft UIInterfaceOrientationLandscapeRight";
				LD_RUNPATH_SEARCH_PATHS = (
					"$(inherited)",
					"@executable_path/Frameworks",
				);
				MARKETING_VERSION = 1.0;
				PRODUCT_BUNDLE_IDENTIFIER = "com.my-mo.ClearScore";
				PRODUCT_NAME = "$(TARGET_NAME)";
				SWIFT_EMIT_LOC_STRINGS = YES;
				SWIFT_VERSION = 5.0;
				TARGETED_DEVICE_FAMILY = "1,2";
			};
			name = Debug;
		};
		7CFB9CEC27CE35F400F8D949 /* Release */ = {
			isa = XCBuildConfiguration;
			buildSettings = {
				ASSETCATALOG_COMPILER_APPICON_NAME = AppIcon;
				ASSETCATALOG_COMPILER_GLOBAL_ACCENT_COLOR_NAME = AccentColor;
				CODE_SIGN_STYLE = Automatic;
				CURRENT_PROJECT_VERSION = 1;
				DEVELOPMENT_TEAM = 3X89BSC8Z7;
				GENERATE_INFOPLIST_FILE = YES;
				INFOPLIST_FILE = ClearScore/Info.plist;
				INFOPLIST_KEY_UIApplicationSupportsIndirectInputEvents = YES;
				INFOPLIST_KEY_UILaunchStoryboardName = LaunchScreen;
				INFOPLIST_KEY_UIMainStoryboardFile = Main;
				INFOPLIST_KEY_UISupportedInterfaceOrientations = UIInterfaceOrientationPortrait;
				INFOPLIST_KEY_UISupportedInterfaceOrientations_iPad = "UIInterfaceOrientationPortrait UIInterfaceOrientationPortraitUpsideDown UIInterfaceOrientationLandscapeLeft UIInterfaceOrientationLandscapeRight";
				INFOPLIST_KEY_UISupportedInterfaceOrientations_iPhone = "UIInterfaceOrientationPortrait UIInterfaceOrientationLandscapeLeft UIInterfaceOrientationLandscapeRight";
				LD_RUNPATH_SEARCH_PATHS = (
					"$(inherited)",
					"@executable_path/Frameworks",
				);
				MARKETING_VERSION = 1.0;
				PRODUCT_BUNDLE_IDENTIFIER = "com.my-mo.ClearScore";
				PRODUCT_NAME = "$(TARGET_NAME)";
				SWIFT_EMIT_LOC_STRINGS = YES;
				SWIFT_VERSION = 5.0;
				TARGETED_DEVICE_FAMILY = "1,2";
			};
			name = Release;
		};
		7CFB9CEE27CE35F400F8D949 /* Debug */ = {
			isa = XCBuildConfiguration;
			buildSettings = {
				ALWAYS_EMBED_SWIFT_STANDARD_LIBRARIES = YES;
				BUNDLE_LOADER = "$(TEST_HOST)";
				CODE_SIGN_STYLE = Automatic;
				CURRENT_PROJECT_VERSION = 1;
				DEVELOPMENT_TEAM = 3X89BSC8Z7;
				GENERATE_INFOPLIST_FILE = YES;
				IPHONEOS_DEPLOYMENT_TARGET = 15.2;
				MARKETING_VERSION = 1.0;
				PRODUCT_BUNDLE_IDENTIFIER = "com.my-mo.ClearScoreTests";
				PRODUCT_NAME = "$(TARGET_NAME)";
				SWIFT_EMIT_LOC_STRINGS = NO;
				SWIFT_VERSION = 5.0;
				TARGETED_DEVICE_FAMILY = "1,2";
				TEST_HOST = "$(BUILT_PRODUCTS_DIR)/ClearScore.app/ClearScore";
			};
			name = Debug;
		};
		7CFB9CEF27CE35F400F8D949 /* Release */ = {
			isa = XCBuildConfiguration;
			buildSettings = {
				ALWAYS_EMBED_SWIFT_STANDARD_LIBRARIES = YES;
				BUNDLE_LOADER = "$(TEST_HOST)";
				CODE_SIGN_STYLE = Automatic;
				CURRENT_PROJECT_VERSION = 1;
				DEVELOPMENT_TEAM = 3X89BSC8Z7;
				GENERATE_INFOPLIST_FILE = YES;
				IPHONEOS_DEPLOYMENT_TARGET = 15.2;
				MARKETING_VERSION = 1.0;
				PRODUCT_BUNDLE_IDENTIFIER = "com.my-mo.ClearScoreTests";
				PRODUCT_NAME = "$(TARGET_NAME)";
				SWIFT_EMIT_LOC_STRINGS = NO;
				SWIFT_VERSION = 5.0;
				TARGETED_DEVICE_FAMILY = "1,2";
				TEST_HOST = "$(BUILT_PRODUCTS_DIR)/ClearScore.app/ClearScore";
			};
			name = Release;
		};
		7CFB9CF127CE35F400F8D949 /* Debug */ = {
			isa = XCBuildConfiguration;
			buildSettings = {
				ALWAYS_EMBED_SWIFT_STANDARD_LIBRARIES = YES;
				CODE_SIGN_STYLE = Automatic;
				CURRENT_PROJECT_VERSION = 1;
				DEVELOPMENT_TEAM = 3X89BSC8Z7;
				GENERATE_INFOPLIST_FILE = YES;
				MARKETING_VERSION = 1.0;
				PRODUCT_BUNDLE_IDENTIFIER = "com.my-mo.ClearScoreUITests";
				PRODUCT_NAME = "$(TARGET_NAME)";
				SWIFT_EMIT_LOC_STRINGS = NO;
				SWIFT_VERSION = 5.0;
				TARGETED_DEVICE_FAMILY = "1,2";
				TEST_TARGET_NAME = ClearScore;
			};
			name = Debug;
		};
		7CFB9CF227CE35F400F8D949 /* Release */ = {
			isa = XCBuildConfiguration;
			buildSettings = {
				ALWAYS_EMBED_SWIFT_STANDARD_LIBRARIES = YES;
				CODE_SIGN_STYLE = Automatic;
				CURRENT_PROJECT_VERSION = 1;
				DEVELOPMENT_TEAM = 3X89BSC8Z7;
				GENERATE_INFOPLIST_FILE = YES;
				MARKETING_VERSION = 1.0;
				PRODUCT_BUNDLE_IDENTIFIER = "com.my-mo.ClearScoreUITests";
				PRODUCT_NAME = "$(TARGET_NAME)";
				SWIFT_EMIT_LOC_STRINGS = NO;
				SWIFT_VERSION = 5.0;
				TARGETED_DEVICE_FAMILY = "1,2";
				TEST_TARGET_NAME = ClearScore;
			};
			name = Release;
		};
/* End XCBuildConfiguration section */

/* Begin XCConfigurationList section */
		7CFB9CBB27CE35F200F8D949 /* Build configuration list for PBXProject "ClearScore" */ = {
			isa = XCConfigurationList;
			buildConfigurations = (
				7CFB9CE827CE35F400F8D949 /* Debug */,
				7CFB9CE927CE35F400F8D949 /* Release */,
			);
			defaultConfigurationIsVisible = 0;
			defaultConfigurationName = Release;
		};
		7CFB9CEA27CE35F400F8D949 /* Build configuration list for PBXNativeTarget "ClearScore" */ = {
			isa = XCConfigurationList;
			buildConfigurations = (
				7CFB9CEB27CE35F400F8D949 /* Debug */,
				7CFB9CEC27CE35F400F8D949 /* Release */,
			);
			defaultConfigurationIsVisible = 0;
			defaultConfigurationName = Release;
		};
		7CFB9CED27CE35F400F8D949 /* Build configuration list for PBXNativeTarget "ClearScoreTests" */ = {
			isa = XCConfigurationList;
			buildConfigurations = (
				7CFB9CEE27CE35F400F8D949 /* Debug */,
				7CFB9CEF27CE35F400F8D949 /* Release */,
			);
			defaultConfigurationIsVisible = 0;
			defaultConfigurationName = Release;
		};
		7CFB9CF027CE35F400F8D949 /* Build configuration list for PBXNativeTarget "ClearScoreUITests" */ = {
			isa = XCConfigurationList;
			buildConfigurations = (
				7CFB9CF127CE35F400F8D949 /* Debug */,
				7CFB9CF227CE35F400F8D949 /* Release */,
			);
			defaultConfigurationIsVisible = 0;
			defaultConfigurationName = Release;
		};
/* End XCConfigurationList section */
	};
	rootObject = 7CFB9CB827CE35F200F8D949 /* Project object */;
}
